# THIS IS AN AUTOGENERATED FILE. DO NOT EDIT THIS FILE DIRECTLY.
# yarn lockfile v1


"@types/ffi@^0.2.2":
  version "0.2.2"
  resolved "https://registry.yarnpkg.com/@types/ffi/-/ffi-0.2.2.tgz#a5d78682ecd01abc8759042fe25e5891b223ea15"
  integrity sha512-bhGEZ9NeeXGi7zYxaBReGYePKmjeKhI2bUCHze42Jn0NxOwtaP2aTMTo4dpJw3eU6V4zHVyEk4w4TSH+OLkV4w==
  dependencies:
    "@types/node" "*"
    "@types/ref" "*"
    "@types/ref-struct" "*"

"@types/node@*":
  version "13.1.2"
  resolved "https://registry.yarnpkg.com/@types/node/-/node-13.1.2.tgz#fe94285bf5e0782e1a9e5a8c482b1c34465fa385"
  integrity sha512-B8emQA1qeKerqd1dmIsQYnXi+mmAzTB7flExjmy5X1aVAKFNNNDubkavwR13kR6JnpeLp3aLoJhwn9trWPAyFQ==

"@types/ref-struct@*":
  version "0.0.29"
  resolved "https://registry.yarnpkg.com/@types/ref-struct/-/ref-struct-0.0.29.tgz#a2d7c113a43d1182be99a22dfca8bf94bae97afa"
  integrity sha512-ZOiybExNDG++Rjw7qNAlP8Z9TGe4W1S7UvqHbCYzFMc2cVBhTuA29tzAkOrk3bqY0CdzbOvmU7A5X2VOjTpCkw==
  dependencies:
    "@types/ref" "*"

"@types/ref@*", "@types/ref@^0.0.28":
  version "0.0.28"
  resolved "https://registry.yarnpkg.com/@types/ref/-/ref-0.0.28.tgz#15a61253ed1259038b47499de1c9b0cbca57f55c"
  integrity sha1-FaYSU+0SWQOLR0md4cmwy8pX9Vw=
  dependencies:
    "@types/node" "*"

bindings@1, bindings@^1.5.0, bindings@~1.5.0:
  version "1.5.0"
  resolved "https://registry.yarnpkg.com/bindings/-/bindings-1.5.0.tgz#10353c9e945334bc0511a6d90b38fbc7c9c504df"
  integrity sha512-p2q/t/mhvuOj/UeLlV6566GD/guowlr0hHxClI0W9m7MWYkL1F0hLo+0Aexs9HSPCtR1SXQ0TD3MMKrXZajbiQ==
  dependencies:
    file-uri-to-path "1.0.0"

debug@4:
  version "4.1.1"
  resolved "https://registry.yarnpkg.com/debug/-/debug-4.1.1.tgz#3b72260255109c6b589cee050f1d516139664791"
  integrity sha512-pYAIzeRo8J6KPEaJ0VWOh5Pzkbw/RetuzehGM7QRRX5he4fPHx2rdKMB256ehJCkX+XRQm16eZLqLNS8RSZXZw==
  dependencies:
    ms "^2.1.1"

ffi@lxe/node-ffi#node-12:
  version "3.0.0"
  resolved "https://codeload.github.com/lxe/node-ffi/tar.gz/f841a7e11995b61feae38f16e61f25c5a39ecb7e"
  dependencies:
    bindings "~1.5.0"
    debug "4"
    nan "^2.13.2"
    ref lxe/ref#node-12
    ref-struct lxe/ref-struct#node-12

file-uri-to-path@1.0.0:
  version "1.0.0"
  resolved "https://registry.yarnpkg.com/file-uri-to-path/-/file-uri-to-path-1.0.0.tgz#553a7b8446ff6f684359c445f1e37a05dacc33dd"
  integrity sha512-0Zt+s3L7Vf1biwWZ29aARiVYLx7iMGnEUl9x33fbB/j3jR81u/O2LbqK+Bm1CDSNDKVtJ/YjwY7TUd5SkeLQLw==

ms@^2.1.1:
  version "2.1.2"
  resolved "https://registry.yarnpkg.com/ms/-/ms-2.1.2.tgz#d09d1f357b443f493382a8eb3ccd183872ae6009"
  integrity sha512-sGkPx+VjMtmA6MX27oA4FBFELFCZZ4S4XqeGOXCv68tT+jb3vk/RyaKWP0PTKyWtmLSM0b+adUTEvbs1PEaH2w==

nan@2, nan@^2.13.2:
  version "2.14.0"
  resolved "https://registry.yarnpkg.com/nan/-/nan-2.14.0.tgz#7818f722027b2459a86f0295d434d1fc2336c52c"
  integrity sha512-INOFj37C7k3AfaNTtX8RhsTw7qRy7eLET14cROi9+5HAVbbHuIWUHEauBv5qT4Av2tWasiTY1Jw6puUNqRJXQg==

ref-struct@lxe/ref-struct#node-12:
  version "2.0.0"
  resolved "https://codeload.github.com/lxe/ref-struct/tar.gz/60d0ed18fb968860c06e14248ba92d22b22ae55b"
  dependencies:
    debug "4"
    ref lxe/ref#node-12

ref@lxe/ref#node-12:
  version "2.0.0"
  resolved "https://codeload.github.com/lxe/ref/tar.gz/9379bf23a9ff9a628e989c2fb0b89cd8f3a2e116"
  dependencies:
    bindings "1"
    debug "4"
    nan "2"

vscode-jsonrpc@^4.0.0:
  version "4.0.0"
  resolved "https://registry.yarnpkg.com/vscode-jsonrpc/-/vscode-jsonrpc-4.0.0.tgz#a7bf74ef3254d0a0c272fab15c82128e378b3be9"
  integrity sha512-perEnXQdQOJMTDFNv+UF3h1Y0z4iSiaN9jIlb0OqIYgosPCZGYh/MCUlkFtV2668PL69lRDO32hmvL2yiidUYg==

vscode-languageserver-protocol@3.14.1:
  version "3.14.1"
  resolved "https://registry.yarnpkg.com/vscode-languageserver-protocol/-/vscode-languageserver-protocol-3.14.1.tgz#b8aab6afae2849c84a8983d39a1cf742417afe2f"
  integrity sha512-IL66BLb2g20uIKog5Y2dQ0IiigW0XKrvmWiOvc0yXw80z3tMEzEnHjaGAb3ENuU7MnQqgnYJ1Cl2l9RvNgDi4g==
  dependencies:
    vscode-jsonrpc "^4.0.0"
    vscode-languageserver-types "3.14.0"

vscode-languageserver-types@3.14.0:
  version "3.14.0"
  resolved "https://registry.yarnpkg.com/vscode-languageserver-types/-/vscode-languageserver-types-3.14.0.tgz#d3b5952246d30e5241592b6dde8280e03942e743"
  integrity sha512-lTmS6AlAlMHOvPQemVwo3CezxBp0sNB95KNPkqp3Nxd5VFEnuG1ByM0zlRWos0zjO3ZWtkvhal0COgiV1xIA4A==

vscode-languageserver@^5.2.1:
  version "5.2.1"
  resolved "https://registry.yarnpkg.com/vscode-languageserver/-/vscode-languageserver-5.2.1.tgz#0d2feddd33f92aadf5da32450df498d52f6f14eb"
  integrity sha512-GuayqdKZqAwwaCUjDvMTAVRPJOp/SLON3mJ07eGsx/Iq9HjRymhKWztX41rISqDKhHVVyFM+IywICyZDla6U3A==
  dependencies:
    vscode-languageserver-protocol "3.14.1"
    vscode-uri "^1.0.6"

vscode-uri@^1.0.6:
  version "1.0.8"
  resolved "https://registry.yarnpkg.com/vscode-uri/-/vscode-uri-1.0.8.tgz#9769aaececae4026fb6e22359cb38946580ded59"
  integrity sha512-obtSWTlbJ+a+TFRYGaUumtVwb+InIUVI0Lu0VBUAPmj2cU5JutEXg3xUE0c2J5Tcy7h2DEKVJBFi+Y9ZSFzzPQ==
